
Microsoft Visual Studio Solution File, Format Version 12.00
# Visual Studio 15
VisualStudioVersion = 15.0.27130.2020
MinimumVisualStudioVersion = 10.0.40219.1
Project("{8BC9CEB8-8B4A-11D0-8D11-00A0C91BC942}") = "jsonsl", "jsonsl.vcxproj", "{CFE14E0C-16DE-40FC-99B1-1C8A9C23630D}"
EndProject
Global
	GlobalSection(SolutionConfigurationPlatforms) = preSolution
		Debug|x64 = Debug|x64
		Debug|x86 = Debug|x86
		Release|x64 = Release|x64
		Release|x86 = Release|x86
	EndGlobalSection
	GlobalSection(ProjectConfigurationPlatforms) = postSolution
		{CFE14E0C-16DE-40FC-99B1-1C8A9C23630D}.Debug|x64.ActiveCfg = Debug|x64
		{CFE14E0C-16DE-40FC-99B1-1C8A9C23630D}.Debug|x64.Build.0 = Debug|x64
		{CFE14E0C-16DE-40FC-99B1-1C8A9C23630D}.Debug|x86.ActiveCfg = Debug|Win32
		{CFE14E0C-16DE-40FC-99B1-1C8A9C23630D}.Debug|x86.Build.0 = Debug|Win32
		{CFE14E0C-16DE-40FC-99B1-1C8A9C23630D}.Release|x64.ActiveCfg = Release|x64
		{CFE14E0C-16DE-40FC-99B1-1C8A9C23630D}.Release|x64.Build.0 = Release|x64
		{CFE14E0C-16DE-40FC-99B1-1C8A9C23630D}.Release|x86.ActiveCfg = Release|Win32
		{CFE14E0C-16DE-40FC-99B1-1C8A9C23630D}.Release|x86.Build.0 = Release|Win32
	EndGlobalSection
	GlobalSection(SolutionProperties) = preSolution
		HideSolutionNode = FALSE
	EndGlobalSection
	GlobalSection(ExtensibilityGlobals) = postSolution
		SolutionGuid = {43D8F4EC-00C0-400C-87BF-3D4651AD2A48}
	EndGlobalSection
EndGlobal
